// !$*UTF8*$!
{
	archiveVersion = 1;
	classes = {
	};
	objectVersion = 56;
	objects = {

/* Begin PBXBuildFile section */
		AA00000000000000000001B1 /* SoloBandUltraApp.swift in Sources */ = {isa = PBXBuildFile; fileRef = AA00000000000000000001A1 /* SoloBandUltraApp.swift */; };
		AA00000000000000000002B1 /* ContentView.swift in Sources */ = {isa = PBXBuildFile; fileRef = AA00000000000000000002A1 /* ContentView.swift */; };
		AA00000000000000000003B1 /* SheetMusicView.swift in Sources */ = {isa = PBXBuildFile; fileRef = AA00000000000000000003A1 /* SheetMusicView.swift */; };
		AA00000000000000000004B1 /* AudioSessionManager.swift in Sources */ = {isa = PBXBuildFile; fileRef = AA00000000000000000004A1 /* AudioSessionManager.swift */; };
		AA00000000000000000005B1 /* Assets.xcassets in Resources */ = {isa = PBXBuildFile; fileRef = AA00000000000000000005A1 /* Assets.xcassets */; };
		BB00000000000000000001B1 /* ScoreLibBridge.swift in Sources */ = {isa = PBXBuildFile; fileRef = BB00000000000000000001A1 /* ScoreLibBridge.swift */; };
		BB00000000000000000003B1 /* libscorelib.xcframework in Frameworks */ = {isa = PBXBuildFile; fileRef = BB00000000000000000003A1 /* libscorelib.xcframework */; };
		CC00000000000000000001B1 /* SheetMusic in Resources */ = {isa = PBXBuildFile; fileRef = CC00000000000000000001A1 /* SheetMusic */; };
		DD00000000000000000001B1 /* PlaybackManager.swift in Sources */ = {isa = PBXBuildFile; fileRef = DD00000000000000000001A1 /* PlaybackManager.swift */; };
		EE00000000000000000001B1 /* MidiSettings.swift in Sources */ = {isa = PBXBuildFile; fileRef = EE00000000000000000001A1 /* MidiSettings.swift */; };
/* End PBXBuildFile section */

/* Begin PBXFileReference section */
		AA00000000000000000001A1 /* SoloBandUltraApp.swift */ = {isa = PBXFileReference; lastKnownFileType = sourcecode.swift; path = SoloBandUltraApp.swift; sourceTree = "<group>"; };
		AA00000000000000000002A1 /* ContentView.swift */ = {isa = PBXFileReference; lastKnownFileType = sourcecode.swift; path = ContentView.swift; sourceTree = "<group>"; };
		AA00000000000000000003A1 /* SheetMusicView.swift */ = {isa = PBXFileReference; lastKnownFileType = sourcecode.swift; path = SheetMusicView.swift; sourceTree = "<group>"; };
		AA00000000000000000004A1 /* AudioSessionManager.swift */ = {isa = PBXFileReference; lastKnownFileType = sourcecode.swift; path = AudioSessionManager.swift; sourceTree = "<group>"; };
		AA00000000000000000005A1 /* Assets.xcassets */ = {isa = PBXFileReference; lastKnownFileType = folder.assetcatalog; path = Assets.xcassets; sourceTree = "<group>"; };
		AA00000000000000000006A1 /* Info.plist */ = {isa = PBXFileReference; lastKnownFileType = text.plist.xml; path = Info.plist; sourceTree = "<group>"; };
		AA00000000000000000007A1 /* SoloBandUltra.app */ = {isa = PBXFileReference; explicitFileType = wrapper.application; includeInIndex = 0; path = SoloBandUltra.app; sourceTree = BUILT_PRODUCTS_DIR; };
		BB00000000000000000001A1 /* ScoreLibBridge.swift */ = {isa = PBXFileReference; lastKnownFileType = sourcecode.swift; path = ScoreLibBridge.swift; sourceTree = "<group>"; };
		BB00000000000000000002A1 /* SoloBandUltra-Bridging-Header.h */ = {isa = PBXFileReference; lastKnownFileType = sourcecode.c.h; path = "SoloBandUltra-Bridging-Header.h"; sourceTree = "<group>"; };
		BB00000000000000000003A1 /* libscorelib.xcframework */ = {isa = PBXFileReference; lastKnownFileType = wrapper.xcframework; name = libscorelib.xcframework; path = lib/libscorelib.xcframework; sourceTree = "<group>"; };
		CC00000000000000000001A1 /* SheetMusic */ = {isa = PBXFileReference; lastKnownFileType = folder; path = SheetMusic; sourceTree = "<group>"; };
		DD00000000000000000001A1 /* PlaybackManager.swift */ = {isa = PBXFileReference; lastKnownFileType = sourcecode.swift; path = PlaybackManager.swift; sourceTree = "<group>"; };
		EE00000000000000000001A1 /* MidiSettings.swift */ = {isa = PBXFileReference; lastKnownFileType = sourcecode.swift; path = MidiSettings.swift; sourceTree = "<group>"; };
/* End PBXFileReference section */

/* Begin PBXFrameworksBuildPhase section */
		AA0000000000000000000F02 /* Frameworks */ = {
			isa = PBXFrameworksBuildPhase;
			buildActionMask = 2147483647;
			files = (
				BB00000000000000000003B1 /* libscorelib.xcframework in Frameworks */,
			);
			runOnlyForDeploymentPostprocessing = 0;
		};
/* End PBXFrameworksBuildPhase section */

/* Begin PBXGroup section */
		AA0000000000000000000D01 = {
			isa = PBXGroup;
			children = (
				AA0000000000000000000D02 /* SoloBandUltra */,
				BB00000000000000000003A1 /* libscorelib.xcframework */,
				AA0000000000000000000D03 /* Products */,
			);
			sourceTree = "<group>";
		};
		AA0000000000000000000D02 /* SoloBandUltra */ = {
			isa = PBXGroup;
			children = (
				AA00000000000000000001A1 /* SoloBandUltraApp.swift */,
				AA00000000000000000002A1 /* ContentView.swift */,
				AA00000000000000000003A1 /* SheetMusicView.swift */,
				AA00000000000000000004A1 /* AudioSessionManager.swift */,
				BB00000000000000000001A1 /* ScoreLibBridge.swift */,
				DD00000000000000000001A1 /* PlaybackManager.swift */,
				EE00000000000000000001A1 /* MidiSettings.swift */,
				BB00000000000000000002A1 /* SoloBandUltra-Bridging-Header.h */,
				CC00000000000000000001A1 /* SheetMusic */,
				AA00000000000000000005A1 /* Assets.xcassets */,
				AA00000000000000000006A1 /* Info.plist */,
			);
			path = SoloBandUltra;
			sourceTree = "<group>";
		};
		AA0000000000000000000D03 /* Products */ = {
			isa = PBXGroup;
			children = (
				AA00000000000000000007A1 /* SoloBandUltra.app */,
			);
			name = Products;
			sourceTree = "<group>";
		};
/* End PBXGroup section */

/* Begin PBXNativeTarget section */
		AA0000000000000000000E01 /* SoloBandUltra */ = {
			isa = PBXNativeTarget;
			buildConfigurationList = AA0000000000000000000C04 /* Build configuration list for PBXNativeTarget "SoloBandUltra" */;
			buildPhases = (
				AA0000000000000000000F01 /* Sources */,
				AA0000000000000000000F02 /* Frameworks */,
				AA0000000000000000000F03 /* Resources */,
			);
			buildRules = (
			);
			dependencies = (
			);
			name = SoloBandUltra;
			productName = SoloBandUltra;
			productReference = AA00000000000000000007A1 /* SoloBandUltra.app */;
			productType = "com.apple.product-type.application";
		};
/* End PBXNativeTarget section */

/* Begin PBXProject section */
		AA0000000000000000000B01 /* Project object */ = {
			isa = PBXProject;
			attributes = {
				BuildIndependentTargetsInParallel = 1;
				LastSwiftUpdateCheck = 1540;
				LastUpgradeCheck = 1540;
				TargetAttributes = {
					AA0000000000000000000E01 = {
						CreatedOnToolsVersion = 15.4;
					};
				};
			};
			buildConfigurationList = AA0000000000000000000C01 /* Build configuration list for PBXProject "SoloBandUltra" */;
			compatibilityVersion = "Xcode 14.0";
			developmentRegion = en;
			hasScannedForEncodings = 0;
			knownRegions = (
				en,
				Base,
			);
			mainGroup = AA0000000000000000000D01;
			productRefGroup = AA0000000000000000000D03 /* Products */;
			projectDirPath = "";
			projectRoot = "";
			targets = (
				AA0000000000000000000E01 /* SoloBandUltra */,
			);
		};
/* End PBXProject section */

/* Begin PBXResourcesBuildPhase section */
		AA0000000000000000000F03 /* Resources */ = {
			isa = PBXResourcesBuildPhase;
			buildActionMask = 2147483647;
			files = (
				AA00000000000000000005B1 /* Assets.xcassets in Resources */,
				CC00000000000000000001B1 /* SheetMusic in Resources */,
			);
			runOnlyForDeploymentPostprocessing = 0;
		};
/* End PBXResourcesBuildPhase section */

/* Begin PBXSourcesBuildPhase section */
		AA0000000000000000000F01 /* Sources */ = {
			isa = PBXSourcesBuildPhase;
			buildActionMask = 2147483647;
			files = (
				AA00000000000000000001B1 /* SoloBandUltraApp.swift in Sources */,
				AA00000000000000000002B1 /* ContentView.swift in Sources */,
				AA00000000000000000003B1 /* SheetMusicView.swift in Sources */,
				AA00000000000000000004B1 /* AudioSessionManager.swift in Sources */,
				BB00000000000000000001B1 /* ScoreLibBridge.swift in Sources */,
				DD00000000000000000001B1 /* PlaybackManager.swift in Sources */,
				EE00000000000000000001B1 /* MidiSettings.swift in Sources */,
			);
			runOnlyForDeploymentPostprocessing = 0;
		};
/* End PBXSourcesBuildPhase section */

/* Begin XCBuildConfiguration section */
		AA0000000000000000000C02 /* Debug */ = {
			isa = XCBuildConfiguration;
			buildSettings = {
				ALWAYS_SEARCH_USER_PATHS = NO;
				ASSETCATALOG_COMPILER_GENERATE_SWIFT_ASSET_SYMBOL_EXTENSIONS = YES;
				CLANG_ANALYZER_NONNULL = YES;
				CLANG_ANALYZER_NUMBER_OBJECT_CONVERSION = YES_AGGRESSIVE;
				CLANG_CXX_LANGUAGE_STANDARD = "gnu++20";
				CLANG_ENABLE_MODULES = YES;
				CLANG_ENABLE_OBJC_ARC = YES;
				CLANG_ENABLE_OBJC_WEAK = YES;
				CLANG_WARN_BLOCK_CAPTURE_AUTORELEASING = YES;
				CLANG_WARN_BOOL_CONVERSION = YES;
				CLANG_WARN_COMMA = YES;
				CLANG_WARN_CONSTANT_CONVERSION = YES;
				CLANG_WARN_DEPRECATED_OBJC_IMPLEMENTATIONS = YES;
				CLANG_WARN_DIRECT_OBJC_ISA_USAGE = YES_ERROR;
				CLANG_WARN_DOCUMENTATION_COMMENTS = YES;
				CLANG_WARN_EMPTY_BODY = YES;
				CLANG_WARN_ENUM_CONVERSION = YES;
				CLANG_WARN_INFINITE_RECURSION = YES;
				CLANG_WARN_INT_CONVERSION = YES;
				CLANG_WARN_NON_LITERAL_NULL_CONVERSION = YES;
				CLANG_WARN_OBJC_IMPLICIT_RETAIN_SELF = YES;
				CLANG_WARN_OBJC_LITERAL_CONVERSION = YES;
				CLANG_WARN_OBJC_ROOT_CLASS = YES_ERROR;
				CLANG_WARN_QUOTED_INCLUDE_IN_FRAMEWORK_HEADER = YES;
				CLANG_WARN_RANGE_LOOP_ANALYSIS = YES;
				CLANG_WARN_STRICT_PROTOTYPES = YES;
				CLANG_WARN_SUSPICIOUS_MOVE = YES;
				CLANG_WARN_UNGUARDED_AVAILABILITY = YES_AGGRESSIVE;
				CLANG_WARN_UNREACHABLE_CODE = YES;
				CLANG_WARN__DUPLICATE_METHOD_MATCH = YES;
				COPY_PHASE_STRIP = NO;
				DEBUG_INFORMATION_FORMAT = dwarf;
				ENABLE_STRICT_OBJC_MSGSEND = YES;
				ENABLE_TESTABILITY = YES;
				ENABLE_USER_SCRIPT_SANDBOXING = YES;
				GCC_C_LANGUAGE_STANDARD = gnu17;
				GCC_DYNAMIC_NO_PIC = NO;
				GCC_NO_COMMON_BLOCKS = YES;
				GCC_OPTIMIZATION_LEVEL = 0;
				GCC_PREPROCESSOR_DEFINITIONS = (
					"DEBUG=1",
					"$(inherited)",
				);
				GCC_WARN_64_TO_32_BIT_CONVERSION = YES;
				GCC_WARN_ABOUT_RETURN_TYPE = YES_ERROR;
				GCC_WARN_UNDECLARED_SELECTOR = YES;
				GCC_WARN_UNINITIALIZED_AUTOS = YES_AGGRESSIVE;
				GCC_WARN_UNUSED_FUNCTION = YES;
				GCC_WARN_UNUSED_VARIABLE = YES;
				IPHONEOS_DEPLOYMENT_TARGET = 16.0;
				LOCALIZATION_PREFERS_STRING_CATALOGS = YES;
				MTL_ENABLE_DEBUG_INFO = INCLUDE_SOURCE;
				MTL_FAST_MATH = YES;
				ONLY_ACTIVE_ARCH = YES;
				SDKROOT = iphoneos;
				SWIFT_ACTIVE_COMPILATION_CONDITIONS = "DEBUG $(inherited)";
				SWIFT_OPTIMIZATION_LEVEL = "-Onone";
			};
			name = Debug;
		};
		AA0000000000000000000C03 /* Release */ = {
			isa = XCBuildConfiguration;
			buildSettings = {
				ALWAYS_SEARCH_USER_PATHS = NO;
				ASSETCATALOG_COMPILER_GENERATE_SWIFT_ASSET_SYMBOL_EXTENSIONS = YES;
				CLANG_ANALYZER_NONNULL = YES;
				CLANG_ANALYZER_NUMBER_OBJECT_CONVERSION = YES_AGGRESSIVE;
				CLANG_CXX_LANGUAGE_STANDARD = "gnu++20";
				CLANG_ENABLE_MODULES = YES;
				CLANG_ENABLE_OBJC_ARC = YES;
				CLANG_ENABLE_OBJC_WEAK = YES;
				CLANG_WARN_BLOCK_CAPTURE_AUTORELEASING = YES;
				CLANG_WARN_BOOL_CONVERSION = YES;
				CLANG_WARN_COMMA = YES;
				CLANG_WARN_CONSTANT_CONVERSION = YES;
				CLANG_WARN_DEPRECATED_OBJC_IMPLEMENTATIONS = YES;
				CLANG_WARN_DIRECT_OBJC_ISA_USAGE = YES_ERROR;
				CLANG_WARN_DOCUMENTATION_COMMENTS = YES;
				CLANG_WARN_EMPTY_BODY = YES;
				CLANG_WARN_ENUM_CONVERSION = YES;
				CLANG_WARN_INFINITE_RECURSION = YES;
				CLANG_WARN_INT_CONVERSION = YES;
				CLANG_WARN_NON_LITERAL_NULL_CONVERSION = YES;
				CLANG_WARN_OBJC_IMPLICIT_RETAIN_SELF = YES;
				CLANG_WARN_OBJC_LITERAL_CONVERSION = YES;
				CLANG_WARN_OBJC_ROOT_CLASS = YES_ERROR;
				CLANG_WARN_QUOTED_INCLUDE_IN_FRAMEWORK_HEADER = YES;
				CLANG_WARN_RANGE_LOOP_ANALYSIS = YES;
				CLANG_WARN_STRICT_PROTOTYPES = YES;
				CLANG_WARN_SUSPICIOUS_MOVE = YES;
				CLANG_WARN_UNGUARDED_AVAILABILITY = YES_AGGRESSIVE;
				CLANG_WARN_UNREACHABLE_CODE = YES;
				CLANG_WARN__DUPLICATE_METHOD_MATCH = YES;
				COPY_PHASE_STRIP = NO;
				DEBUG_INFORMATION_FORMAT = "dwarf-with-dsym";
				ENABLE_NS_ASSERTIONS = NO;
				ENABLE_STRICT_OBJC_MSGSEND = YES;
				ENABLE_USER_SCRIPT_SANDBOXING = YES;
				GCC_C_LANGUAGE_STANDARD = gnu17;
				GCC_NO_COMMON_BLOCKS = YES;
				GCC_WARN_64_TO_32_BIT_CONVERSION = YES;
				GCC_WARN_ABOUT_RETURN_TYPE = YES_ERROR;
				GCC_WARN_UNDECLARED_SELECTOR = YES;
				GCC_WARN_UNINITIALIZED_AUTOS = YES_AGGRESSIVE;
				GCC_WARN_UNUSED_FUNCTION = YES;
				GCC_WARN_UNUSED_VARIABLE = YES;
				IPHONEOS_DEPLOYMENT_TARGET = 16.0;
				LOCALIZATION_PREFERS_STRING_CATALOGS = YES;
				MTL_FAST_MATH = YES;
				SDKROOT = iphoneos;
				SWIFT_COMPILATION_MODE = wholemodule;
				VALIDATE_PRODUCT = YES;
			};
			name = Release;
		};
		AA0000000000000000000C05 /* Debug */ = {
			isa = XCBuildConfiguration;
			buildSettings = {
				ASSETCATALOG_COMPILER_APPICON_NAME = AppIcon;
				ASSETCATALOG_COMPILER_GLOBAL_ACCENT_COLOR_NAME = AccentColor;
				CODE_SIGN_STYLE = Automatic;
				CURRENT_PROJECT_VERSION = 1;
				DEVELOPMENT_TEAM = CJN4XW3728;
				ENABLE_PREVIEWS = YES;
				GENERATE_INFOPLIST_FILE = NO;
				HEADER_SEARCH_PATHS = "$(PROJECT_DIR)/include";
				INFOPLIST_FILE = SoloBandUltra/Info.plist;
				LD_RUNPATH_SEARCH_PATHS = (
					"$(inherited)",
					"@executable_path/Frameworks",
				);
				MARKETING_VERSION = 1.0;
				PRODUCT_BUNDLE_IDENTIFIER = com.solobandultra.app;
				PRODUCT_NAME = "$(TARGET_NAME)";
				SWIFT_EMIT_LOC_STRINGS = YES;
				SWIFT_OBJC_BRIDGING_HEADER = "SoloBandUltra/SoloBandUltra-Bridging-Header.h";
				SWIFT_VERSION = 5.0;
				TARGETED_DEVICE_FAMILY = "1,2";
			};
			name = Debug;
		};
		AA0000000000000000000C06 /* Release */ = {
			isa = XCBuildConfiguration;
			buildSettings = {
				ASSETCATALOG_COMPILER_APPICON_NAME = AppIcon;
				ASSETCATALOG_COMPILER_GLOBAL_ACCENT_COLOR_NAME = AccentColor;
				CODE_SIGN_STYLE = Automatic;
				CURRENT_PROJECT_VERSION = 1;
				DEVELOPMENT_TEAM = CJN4XW3728;
				ENABLE_PREVIEWS = YES;
				GENERATE_INFOPLIST_FILE = NO;
				HEADER_SEARCH_PATHS = "$(PROJECT_DIR)/include";
				INFOPLIST_FILE = SoloBandUltra/Info.plist;
				LD_RUNPATH_SEARCH_PATHS = (
					"$(inherited)",
					"@executable_path/Frameworks",
				);
				MARKETING_VERSION = 1.0;
				PRODUCT_BUNDLE_IDENTIFIER = com.solobandultra.app;
				PRODUCT_NAME = "$(TARGET_NAME)";
				SWIFT_EMIT_LOC_STRINGS = YES;
				SWIFT_OBJC_BRIDGING_HEADER = "SoloBandUltra/SoloBandUltra-Bridging-Header.h";
				SWIFT_VERSION = 5.0;
				TARGETED_DEVICE_FAMILY = "1,2";
			};
			name = Release;
		};
/* End XCBuildConfiguration section */

/* Begin XCConfigurationList section */
		AA0000000000000000000C01 /* Build configuration list for PBXProject "SoloBandUltra" */ = {
			isa = XCConfigurationList;
			buildConfigurations = (
				AA0000000000000000000C02 /* Debug */,
				AA0000000000000000000C03 /* Release */,
			);
			defaultConfigurationIsVisible = 0;
			defaultConfigurationName = Release;
		};
		AA0000000000000000000C04 /* Build configuration list for PBXNativeTarget "SoloBandUltra" */ = {
			isa = XCConfigurationList;
			buildConfigurations = (
				AA0000000000000000000C05 /* Debug */,
				AA0000000000000000000C06 /* Release */,
			);
			defaultConfigurationIsVisible = 0;
			defaultConfigurationName = Release;
		};
/* End XCConfigurationList section */
	};
	rootObject = AA0000000000000000000B01 /* Project object */;
}
